
Microsoft Visual Studio Solution File, Format Version 12.00
# Visual Studio Version 16
VisualStudioVersion = 16.0.33920.266
MinimumVisualStudioVersion = 10.0.40219.1
Project("{FAE04EC0-301F-11D3-BF4B-00C04F79EFBC}") = "RecruitFlow", "RecruitFlow\RecruitFlow.csproj", "{C09E21DF-0805-4826-9A35-9A014BAE2046}"
EndProject
Global
	GlobalSection(SolutionConfigurationPlatforms) = preSolution
		Debug|Any CPU = Debug|Any CPU
		Release|Any CPU = Release|Any CPU
	EndGlobalSection
	GlobalSection(ProjectConfigurationPlatforms) = postSolution
		{C09E21DF-0805-4826-9A35-9A014BAE2046}.Debug|Any CPU.ActiveCfg = Debug|Any CPU
		{C09E21DF-0805-4826-9A35-9A014BAE2046}.Debug|Any CPU.Build.0 = Debug|Any CPU
		{C09E21DF-0805-4826-9A35-9A014BAE2046}.Release|Any CPU.ActiveCfg = Release|Any CPU
		{C09E21DF-0805-4826-9A35-9A014BAE2046}.Release|Any CPU.Build.0 = Release|Any CPU
	EndGlobalSection
	GlobalSection(SolutionProperties) = preSolution
		HideSolutionNode = FALSE
	EndGlobalSection
	GlobalSection(ExtensibilityGlobals) = postSolution
		SolutionGuid = {81951E90-485A-485E-9D0B-091294272A23}
	EndGlobalSection
EndGlobal
